// !$*UTF8*$!
{
	archiveVersion = 1;
	classes = {
	};
	objectVersion = 50;
	objects = {

/* Begin PBXBuildFile section */
		06666CD4203D8E47009A1D1A /* Sounds in Resources */ = {isa = PBXBuildFile; fileRef = 06666CD3203D8E47009A1D1A /* Sounds */; };
		06863D69203D934F00E5431B /* Introduction.storyboard in Resources */ = {isa = PBXBuildFile; fileRef = 06863D68203D934F00E5431B /* Introduction.storyboard */; };
		06B8E7E4203D8A2700162EBD /* AppDelegate.swift in Sources */ = {isa = PBXBuildFile; fileRef = 06B8E7E3203D8A2700162EBD /* AppDelegate.swift */; };
		06B8E7E6203D8A2700162EBD /* ARkitViewController.swift in Sources */ = {isa = PBXBuildFile; fileRef = 06B8E7E5203D8A2700162EBD /* ARkitViewController.swift */; };
		06B8E7E9203D8A2700162EBD /* ARkit.storyboard in Resources */ = {isa = PBXBuildFile; fileRef = 06B8E7E7203D8A2700162EBD /* ARkit.storyboard */; };
		06B8E7EB203D8A2800162EBD /* Assets.xcassets in Resources */ = {isa = PBXBuildFile; fileRef = 06B8E7EA203D8A2800162EBD /* Assets.xcassets */; };
		06B8E7EE203D8A2800162EBD /* LaunchScreen.storyboard in Resources */ = {isa = PBXBuildFile; fileRef = 06B8E7EC203D8A2800162EBD /* LaunchScreen.storyboard */; };
		06B8E7F6203D8A7500162EBD /* PopUpViewController.swift in Sources */ = {isa = PBXBuildFile; fileRef = 06B8E7F5203D8A7500162EBD /* PopUpViewController.swift */; };
		06B8E7F9203D8D8900162EBD /* Art.scnassets in Resources */ = {isa = PBXBuildFile; fileRef = 06B8E7F8203D8D8900162EBD /* Art.scnassets */; };
		90BA6D062787F1EE130CA2FA /* Pods_Learn_Farm.framework in Frameworks */ = {isa = PBXBuildFile; fileRef = 7F8DC6B345F5E4946A568A07 /* Pods_Learn_Farm.framework */; };
/* End PBXBuildFile section */

/* Begin PBXFileReference section */
		06666CD3203D8E47009A1D1A /* Sounds */ = {isa = PBXFileReference; lastKnownFileType = folder; name = Sounds; path = ../../../Sounds; sourceTree = "<group>"; };
		06863D68203D934F00E5431B /* Introduction.storyboard */ = {isa = PBXFileReference; lastKnownFileType = file.storyboard; path = Introduction.storyboard; sourceTree = "<group>"; };
		06B8E7E0203D8A2700162EBD /* Learn Farm.app */ = {isa = PBXFileReference; explicitFileType = wrapper.application; includeInIndex = 0; path = "Learn Farm.app"; sourceTree = BUILT_PRODUCTS_DIR; };
		06B8E7E3203D8A2700162EBD /* AppDelegate.swift */ = {isa = PBXFileReference; lastKnownFileType = sourcecode.swift; path = AppDelegate.swift; sourceTree = "<group>"; };
		06B8E7E5203D8A2700162EBD /* ARkitViewController.swift */ = {isa = PBXFileReference; lastKnownFileType = sourcecode.swift; path = ARkitViewController.swift; sourceTree = "<group>"; };
		06B8E7E8203D8A2700162EBD /* Base */ = {isa = PBXFileReference; lastKnownFileType = file.storyboard; name = Base; path = Base.lproj/ARkit.storyboard; sourceTree = "<group>"; };
		06B8E7EA203D8A2800162EBD /* Assets.xcassets */ = {isa = PBXFileReference; lastKnownFileType = folder.assetcatalog; path = Assets.xcassets; sourceTree = "<group>"; };
		06B8E7ED203D8A2800162EBD /* Base */ = {isa = PBXFileReference; lastKnownFileType = file.storyboard; name = Base; path = Base.lproj/LaunchScreen.storyboard; sourceTree = "<group>"; };
		06B8E7EF203D8A2800162EBD /* Info.plist */ = {isa = PBXFileReference; lastKnownFileType = text.plist.xml; path = Info.plist; sourceTree = "<group>"; };
		06B8E7F5203D8A7500162EBD /* PopUpViewController.swift */ = {isa = PBXFileReference; lastKnownFileType = sourcecode.swift; path = PopUpViewController.swift; sourceTree = "<group>"; };
		06B8E7F8203D8D8900162EBD /* Art.scnassets */ = {isa = PBXFileReference; lastKnownFileType = wrapper.scnassets; path = Art.scnassets; sourceTree = "<group>"; };
		6C0BB229625C300CA8D7FADA /* Pods-Learn Farm.debug.xcconfig */ = {isa = PBXFileReference; includeInIndex = 1; lastKnownFileType = text.xcconfig; name = "Pods-Learn Farm.debug.xcconfig"; path = "Pods/Target Support Files/Pods-Learn Farm/Pods-Learn Farm.debug.xcconfig"; sourceTree = "<group>"; };
		7F8DC6B345F5E4946A568A07 /* Pods_Learn_Farm.framework */ = {isa = PBXFileReference; explicitFileType = wrapper.framework; includeInIndex = 0; path = Pods_Learn_Farm.framework; sourceTree = BUILT_PRODUCTS_DIR; };
		DB8F661499172496DA1D92CE /* Pods-Learn Farm.release.xcconfig */ = {isa = PBXFileReference; includeInIndex = 1; lastKnownFileType = text.xcconfig; name = "Pods-Learn Farm.release.xcconfig"; path = "Pods/Target Support Files/Pods-Learn Farm/Pods-Learn Farm.release.xcconfig"; sourceTree = "<group>"; };
/* End PBXFileReference section */

/* Begin PBXFrameworksBuildPhase section */
		06B8E7DD203D8A2700162EBD /* Frameworks */ = {
			isa = PBXFrameworksBuildPhase;
			buildActionMask = 2147483647;
			files = (
				90BA6D062787F1EE130CA2FA /* Pods_Learn_Farm.framework in Frameworks */,
			);
			runOnlyForDeploymentPostprocessing = 0;
		};
/* End PBXFrameworksBuildPhase section */

/* Begin PBXGroup section */
		06863D67203D933900E5431B /* Introduction */ = {
			isa = PBXGroup;
			children = (
				06863D68203D934F00E5431B /* Introduction.storyboard */,
			);
			path = Introduction;
			sourceTree = "<group>";
		};
		06B8E7D7203D8A2700162EBD = {
			isa = PBXGroup;
			children = (
				06B8E7E2203D8A2700162EBD /* Learn Farm */,
				06B8E7E1203D8A2700162EBD /* Products */,
				A00BED89131CA82CA3727E40 /* Pods */,
				29884BC00BC0A1053906114E /* Frameworks */,
			);
			sourceTree = "<group>";
		};
		06B8E7E1203D8A2700162EBD /* Products */ = {
			isa = PBXGroup;
			children = (
				06B8E7E0203D8A2700162EBD /* Learn Farm.app */,
			);
			name = Products;
			sourceTree = "<group>";
		};
		06B8E7E2203D8A2700162EBD /* Learn Farm */ = {
			isa = PBXGroup;
			children = (
				06863D67203D933900E5431B /* Introduction */,
				06B8E7F7203D8A8100162EBD /* ARkit */,
				06B8E7EA203D8A2800162EBD /* Assets.xcassets */,
				06B8E7EC203D8A2800162EBD /* LaunchScreen.storyboard */,
				06B8E7EF203D8A2800162EBD /* Info.plist */,
			);
			path = "Learn Farm";
			sourceTree = "<group>";
		};
		06B8E7F7203D8A8100162EBD /* ARkit */ = {
			isa = PBXGroup;
			children = (
				06B8E7E3203D8A2700162EBD /* AppDelegate.swift */,
				06B8E7E5203D8A2700162EBD /* ARkitViewController.swift */,
				06B8E7E7203D8A2700162EBD /* ARkit.storyboard */,
				06B8E7F5203D8A7500162EBD /* PopUpViewController.swift */,
				06B8E7F8203D8D8900162EBD /* Art.scnassets */,
				06666CD3203D8E47009A1D1A /* Sounds */,
			);
			path = ARkit;
			sourceTree = "<group>";
		};
		29884BC00BC0A1053906114E /* Frameworks */ = {
			isa = PBXGroup;
			children = (
				7F8DC6B345F5E4946A568A07 /* Pods_Learn_Farm.framework */,
			);
			name = Frameworks;
			sourceTree = "<group>";
		};
		A00BED89131CA82CA3727E40 /* Pods */ = {
			isa = PBXGroup;
			children = (
				6C0BB229625C300CA8D7FADA /* Pods-Learn Farm.debug.xcconfig */,
				DB8F661499172496DA1D92CE /* Pods-Learn Farm.release.xcconfig */,
			);
			name = Pods;
			sourceTree = "<group>";
		};
/* End PBXGroup section */

/* Begin PBXNativeTarget section */
		06B8E7DF203D8A2700162EBD /* Learn Farm */ = {
			isa = PBXNativeTarget;
			buildConfigurationList = 06B8E7F2203D8A2800162EBD /* Build configuration list for PBXNativeTarget "Learn Farm" */;
			buildPhases = (
				77689584BAB2DE7337C8DAD0 /* [CP] Check Pods Manifest.lock */,
				06B8E7DC203D8A2700162EBD /* Sources */,
				06B8E7DD203D8A2700162EBD /* Frameworks */,
				06B8E7DE203D8A2700162EBD /* Resources */,
				C4DFB9B2F381DF8425BC2FF0 /* [CP] Embed Pods Frameworks */,
				15FF24AE78E309E888D6EFF2 /* [CP] Copy Pods Resources */,
			);
			buildRules = (
			);
			dependencies = (
			);
			name = "Learn Farm";
			productName = "Learn Farm";
			productReference = 06B8E7E0203D8A2700162EBD /* Learn Farm.app */;
			productType = "com.apple.product-type.application";
		};
/* End PBXNativeTarget section */

/* Begin PBXProject section */
		06B8E7D8203D8A2700162EBD /* Project object */ = {
			isa = PBXProject;
			attributes = {
				LastSwiftUpdateCheck = 0930;
				LastUpgradeCheck = 0930;
				ORGANIZATIONNAME = "Mik Colelli Riano";
				TargetAttributes = {
					06B8E7DF203D8A2700162EBD = {
						CreatedOnToolsVersion = 9.3;
					};
				};
			};
			buildConfigurationList = 06B8E7DB203D8A2700162EBD /* Build configuration list for PBXProject "Learn Farm" */;
			compatibilityVersion = "Xcode 9.3";
			developmentRegion = en;
			hasScannedForEncodings = 0;
			knownRegions = (
				en,
				Base,
			);
			mainGroup = 06B8E7D7203D8A2700162EBD;
			productRefGroup = 06B8E7E1203D8A2700162EBD /* Products */;
			projectDirPath = "";
			projectRoot = "";
			targets = (
				06B8E7DF203D8A2700162EBD /* Learn Farm */,
			);
		};
/* End PBXProject section */

/* Begin PBXResourcesBuildPhase section */
		06B8E7DE203D8A2700162EBD /* Resources */ = {
			isa = PBXResourcesBuildPhase;
			buildActionMask = 2147483647;
			files = (
				06666CD4203D8E47009A1D1A /* Sounds in Resources */,
				06B8E7EE203D8A2800162EBD /* LaunchScreen.storyboard in Resources */,
				06863D69203D934F00E5431B /* Introduction.storyboard in Resources */,
				06B8E7F9203D8D8900162EBD /* Art.scnassets in Resources */,
				06B8E7EB203D8A2800162EBD /* Assets.xcassets in Resources */,
				06B8E7E9203D8A2700162EBD /* ARkit.storyboard in Resources */,
			);
			runOnlyForDeploymentPostprocessing = 0;
		};
/* End PBXResourcesBuildPhase section */

/* Begin PBXShellScriptBuildPhase section */
		15FF24AE78E309E888D6EFF2 /* [CP] Copy Pods Resources */ = {
			isa = PBXShellScriptBuildPhase;
			buildActionMask = 2147483647;
			files = (
			);
			inputPaths = (
			);
			name = "[CP] Copy Pods Resources";
			outputPaths = (
			);
			runOnlyForDeploymentPostprocessing = 0;
			shellPath = /bin/sh;
			shellScript = "\"${SRCROOT}/Pods/Target Support Files/Pods-Learn Farm/Pods-Learn Farm-resources.sh\"\n";
			showEnvVarsInLog = 0;
		};
		77689584BAB2DE7337C8DAD0 /* [CP] Check Pods Manifest.lock */ = {
			isa = PBXShellScriptBuildPhase;
			buildActionMask = 2147483647;
			files = (
			);
			inputPaths = (
				"${PODS_PODFILE_DIR_PATH}/Podfile.lock",
				"${PODS_ROOT}/Manifest.lock",
			);
			name = "[CP] Check Pods Manifest.lock";
			outputPaths = (
				"$(DERIVED_FILE_DIR)/Pods-Learn Farm-checkManifestLockResult.txt",
			);
			runOnlyForDeploymentPostprocessing = 0;
			shellPath = /bin/sh;
			shellScript = "diff \"${PODS_PODFILE_DIR_PATH}/Podfile.lock\" \"${PODS_ROOT}/Manifest.lock\" > /dev/null\nif [ $? != 0 ] ; then\n    # print error to STDERR\n    echo \"error: The sandbox is not in sync with the Podfile.lock. Run 'pod install' or update your CocoaPods installation.\" >&2\n    exit 1\nfi\n# This output is used by Xcode 'outputs' to avoid re-running this script phase.\necho \"SUCCESS\" > \"${SCRIPT_OUTPUT_FILE_0}\"\n";
			showEnvVarsInLog = 0;
		};
		C4DFB9B2F381DF8425BC2FF0 /* [CP] Embed Pods Frameworks */ = {
			isa = PBXShellScriptBuildPhase;
			buildActionMask = 2147483647;
			files = (
			);
			inputPaths = (
				"${SRCROOT}/Pods/Target Support Files/Pods-Learn Farm/Pods-Learn Farm-frameworks.sh",
				"${BUILT_PRODUCTS_DIR}/CLTypingLabel/CLTypingLabel.framework",
			);
			name = "[CP] Embed Pods Frameworks";
			outputPaths = (
				"${TARGET_BUILD_DIR}/${FRAMEWORKS_FOLDER_PATH}/CLTypingLabel.framework",
			);
			runOnlyForDeploymentPostprocessing = 0;
			shellPath = /bin/sh;
			shellScript = "\"${SRCROOT}/Pods/Target Support Files/Pods-Learn Farm/Pods-Learn Farm-frameworks.sh\"\n";
			showEnvVarsInLog = 0;
		};
/* End PBXShellScriptBuildPhase section */

/* Begin PBXSourcesBuildPhase section */
		06B8E7DC203D8A2700162EBD /* Sources */ = {
			isa = PBXSourcesBuildPhase;
			buildActionMask = 2147483647;
			files = (
				06B8E7E6203D8A2700162EBD /* ARkitViewController.swift in Sources */,
				06B8E7F6203D8A7500162EBD /* PopUpViewController.swift in Sources */,
				06B8E7E4203D8A2700162EBD /* AppDelegate.swift in Sources */,
			);
			runOnlyForDeploymentPostprocessing = 0;
		};
/* End PBXSourcesBuildPhase section */

/* Begin PBXVariantGroup section */
		06B8E7E7203D8A2700162EBD /* ARkit.storyboard */ = {
			isa = PBXVariantGroup;
			children = (
				06B8E7E8203D8A2700162EBD /* Base */,
			);
			name = ARkit.storyboard;
			sourceTree = "<group>";
		};
		06B8E7EC203D8A2800162EBD /* LaunchScreen.storyboard */ = {
			isa = PBXVariantGroup;
			children = (
				06B8E7ED203D8A2800162EBD /* Base */,
			);
			name = LaunchScreen.storyboard;
			sourceTree = "<group>";
		};
/* End PBXVariantGroup section */

/* Begin XCBuildConfiguration section */
		06B8E7F0203D8A2800162EBD /* Debug */ = {
			isa = XCBuildConfiguration;
			buildSettings = {
				ALWAYS_SEARCH_USER_PATHS = NO;
				CLANG_ANALYZER_NONNULL = YES;
				CLANG_ANALYZER_NUMBER_OBJECT_CONVERSION = YES_AGGRESSIVE;
				CLANG_CXX_LANGUAGE_STANDARD = "gnu++14";
				CLANG_CXX_LIBRARY = "libc++";
				CLANG_ENABLE_MODULES = YES;
				CLANG_ENABLE_OBJC_ARC = YES;
				CLANG_ENABLE_OBJC_WEAK = YES;
				CLANG_WARN_BLOCK_CAPTURE_AUTORELEASING = YES;
				CLANG_WARN_BOOL_CONVERSION = YES;
				CLANG_WARN_COMMA = YES;
				CLANG_WARN_CONSTANT_CONVERSION = YES;
				CLANG_WARN_DEPRECATED_OBJC_IMPLEMENTATIONS = YES;
				CLANG_WARN_DIRECT_OBJC_ISA_USAGE = YES_ERROR;
				CLANG_WARN_DOCUMENTATION_COMMENTS = YES;
				CLANG_WARN_EMPTY_BODY = YES;
				CLANG_WARN_ENUM_CONVERSION = YES;
				CLANG_WARN_INFINITE_RECURSION = YES;
				CLANG_WARN_INT_CONVERSION = YES;
				CLANG_WARN_NON_LITERAL_NULL_CONVERSION = YES;
				CLANG_WARN_OBJC_IMPLICIT_RETAIN_SELF = YES;
				CLANG_WARN_OBJC_LITERAL_CONVERSION = YES;
				CLANG_WARN_OBJC_ROOT_CLASS = YES_ERROR;
				CLANG_WARN_RANGE_LOOP_ANALYSIS = YES;
				CLANG_WARN_STRICT_PROTOTYPES = YES;
				CLANG_WARN_SUSPICIOUS_MOVE = YES;
				CLANG_WARN_UNGUARDED_AVAILABILITY = YES_AGGRESSIVE;
				CLANG_WARN_UNREACHABLE_CODE = YES;
				CLANG_WARN__DUPLICATE_METHOD_MATCH = YES;
				CODE_SIGN_IDENTITY = "iPhone Developer";
				COPY_PHASE_STRIP = NO;
				DEBUG_INFORMATION_FORMAT = dwarf;
				ENABLE_STRICT_OBJC_MSGSEND = YES;
				ENABLE_TESTABILITY = YES;
				GCC_C_LANGUAGE_STANDARD = gnu11;
				GCC_DYNAMIC_NO_PIC = NO;
				GCC_NO_COMMON_BLOCKS = YES;
				GCC_OPTIMIZATION_LEVEL = 0;
				GCC_PREPROCESSOR_DEFINITIONS = (
					"DEBUG=1",
					"$(inherited)",
				);
				GCC_WARN_64_TO_32_BIT_CONVERSION = YES;
				GCC_WARN_ABOUT_RETURN_TYPE = YES_ERROR;
				GCC_WARN_UNDECLARED_SELECTOR = YES;
				GCC_WARN_UNINITIALIZED_AUTOS = YES_AGGRESSIVE;
				GCC_WARN_UNUSED_FUNCTION = YES;
				GCC_WARN_UNUSED_VARIABLE = YES;
				IPHONEOS_DEPLOYMENT_TARGET = 11.3;
				MTL_ENABLE_DEBUG_INFO = YES;
				ONLY_ACTIVE_ARCH = YES;
				SDKROOT = iphoneos;
				SWIFT_ACTIVE_COMPILATION_CONDITIONS = DEBUG;
				SWIFT_OPTIMIZATION_LEVEL = "-Onone";
			};
			name = Debug;
		};
		06B8E7F1203D8A2800162EBD /* Release */ = {
			isa = XCBuildConfiguration;
			buildSettings = {
				ALWAYS_SEARCH_USER_PATHS = NO;
				CLANG_ANALYZER_NONNULL = YES;
				CLANG_ANALYZER_NUMBER_OBJECT_CONVERSION = YES_AGGRESSIVE;
				CLANG_CXX_LANGUAGE_STANDARD = "gnu++14";
				CLANG_CXX_LIBRARY = "libc++";
				CLANG_ENABLE_MODULES = YES;
				CLANG_ENABLE_OBJC_ARC = YES;
				CLANG_ENABLE_OBJC_WEAK = YES;
				CLANG_WARN_BLOCK_CAPTURE_AUTORELEASING = YES;
				CLANG_WARN_BOOL_CONVERSION = YES;
				CLANG_WARN_COMMA = YES;
				CLANG_WARN_CONSTANT_CONVERSION = YES;
				CLANG_WARN_DEPRECATED_OBJC_IMPLEMENTATIONS = YES;
				CLANG_WARN_DIRECT_OBJC_ISA_USAGE = YES_ERROR;
				CLANG_WARN_DOCUMENTATION_COMMENTS = YES;
				CLANG_WARN_EMPTY_BODY = YES;
				CLANG_WARN_ENUM_CONVERSION = YES;
				CLANG_WARN_INFINITE_RECURSION = YES;
				CLANG_WARN_INT_CONVERSION = YES;
				CLANG_WARN_NON_LITERAL_NULL_CONVERSION = YES;
				CLANG_WARN_OBJC_IMPLICIT_RETAIN_SELF = YES;
				CLANG_WARN_OBJC_LITERAL_CONVERSION = YES;
				CLANG_WARN_OBJC_ROOT_CLASS = YES_ERROR;
				CLANG_WARN_RANGE_LOOP_ANALYSIS = YES;
				CLANG_WARN_STRICT_PROTOTYPES = YES;
				CLANG_WARN_SUSPICIOUS_MOVE = YES;
				CLANG_WARN_UNGUARDED_AVAILABILITY = YES_AGGRESSIVE;
				CLANG_WARN_UNREACHABLE_CODE = YES;
				CLANG_WARN__DUPLICATE_METHOD_MATCH = YES;
				CODE_SIGN_IDENTITY = "iPhone Developer";
				COPY_PHASE_STRIP = NO;
				DEBUG_INFORMATION_FORMAT = "dwarf-with-dsym";
				ENABLE_NS_ASSERTIONS = NO;
				ENABLE_STRICT_OBJC_MSGSEND = YES;
				GCC_C_LANGUAGE_STANDARD = gnu11;
				GCC_NO_COMMON_BLOCKS = YES;
				GCC_WARN_64_TO_32_BIT_CONVERSION = YES;
				GCC_WARN_ABOUT_RETURN_TYPE = YES_ERROR;
				GCC_WARN_UNDECLARED_SELECTOR = YES;
				GCC_WARN_UNINITIALIZED_AUTOS = YES_AGGRESSIVE;
				GCC_WARN_UNUSED_FUNCTION = YES;
				GCC_WARN_UNUSED_VARIABLE = YES;
				IPHONEOS_DEPLOYMENT_TARGET = 11.3;
				MTL_ENABLE_DEBUG_INFO = NO;
				SDKROOT = iphoneos;
				SWIFT_OPTIMIZATION_LEVEL = "-Owholemodule";
				VALIDATE_PRODUCT = YES;
			};
			name = Release;
		};
		06B8E7F3203D8A2800162EBD /* Debug */ = {
			isa = XCBuildConfiguration;
			baseConfigurationReference = 6C0BB229625C300CA8D7FADA /* Pods-Learn Farm.debug.xcconfig */;
			buildSettings = {
				ASSETCATALOG_COMPILER_APPICON_NAME = AppIcon;
				CODE_SIGN_STYLE = Automatic;
				DEVELOPMENT_TEAM = 74FVCGV6F7;
				INFOPLIST_FILE = "Learn Farm/Info.plist";
				IPHONEOS_DEPLOYMENT_TARGET = 11.0;
				LD_RUNPATH_SEARCH_PATHS = (
					"$(inherited)",
					"@executable_path/Frameworks",
				);
				PRODUCT_BUNDLE_IDENTIFIER = "com.iosda2018.CloudKitProject.Learn-Farm";
				PRODUCT_NAME = "$(TARGET_NAME)";
				SWIFT_VERSION = 4.0;
				TARGETED_DEVICE_FAMILY = "1,2";
			};
			name = Debug;
		};
		06B8E7F4203D8A2800162EBD /* Release */ = {
			isa = XCBuildConfiguration;
			baseConfigurationReference = DB8F661499172496DA1D92CE /* Pods-Learn Farm.release.xcconfig */;
			buildSettings = {
				ASSETCATALOG_COMPILER_APPICON_NAME = AppIcon;
				CODE_SIGN_STYLE = Automatic;
				DEVELOPMENT_TEAM = 74FVCGV6F7;
				INFOPLIST_FILE = "Learn Farm/Info.plist";
				IPHONEOS_DEPLOYMENT_TARGET = 11.0;
				LD_RUNPATH_SEARCH_PATHS = (
					"$(inherited)",
					"@executable_path/Frameworks",
				);
				PRODUCT_BUNDLE_IDENTIFIER = "com.iosda2018.CloudKitProject.Learn-Farm";
				PRODUCT_NAME = "$(TARGET_NAME)";
				SWIFT_VERSION = 4.0;
				TARGETED_DEVICE_FAMILY = "1,2";
			};
			name = Release;
		};
/* End XCBuildConfiguration section */

/* Begin XCConfigurationList section */
		06B8E7DB203D8A2700162EBD /* Build configuration list for PBXProject "Learn Farm" */ = {
			isa = XCConfigurationList;
			buildConfigurations = (
				06B8E7F0203D8A2800162EBD /* Debug */,
				06B8E7F1203D8A2800162EBD /* Release */,
			);
			defaultConfigurationIsVisible = 0;
			defaultConfigurationName = Release;
		};
		06B8E7F2203D8A2800162EBD /* Build configuration list for PBXNativeTarget "Learn Farm" */ = {
			isa = XCConfigurationList;
			buildConfigurations = (
				06B8E7F3203D8A2800162EBD /* Debug */,
				06B8E7F4203D8A2800162EBD /* Release */,
			);
			defaultConfigurationIsVisible = 0;
			defaultConfigurationName = Release;
		};
/* End XCConfigurationList section */
	};
	rootObject = 06B8E7D8203D8A2700162EBD /* Project object */;
}
